# Generated by pub
# See https://dart.dev/tools/pub/glossary#lockfile
packages:
  args:
    dependency: transitive
    description:
      name: args
      sha256: "0bd9a99b6eb96f07af141f0eb53eace8983e8e5aa5de59777aca31684680ef22"
      url: "https://pub.dev"
    source: hosted
    version: "2.3.0"
  async:
    dependency: transitive
    description:
      name: async
      sha256: db4766341bd8ecb66556f31ab891a5d596ef829221993531bd64a8e6342f0cda
      url: "https://pub.dev"
    source: hosted
    version: "2.8.2"
  b:
    dependency: "direct main"
    description:
      name: b
      sha256: d8e48ccf3ff5e0d74b66261001f9831ae00df65a2998e409c6e4c49dce0bef27
      url: "https://pub.dev"
    source: hosted
    version: "0.1.1+1"
  characters:
    dependency: transitive
    description:
      name: characters
      sha256: d5be1994ae6e849331a4fb182450792ad772f375f973fdfd61d6e008766b65cc
      url: "https://pub.dev"
    source: hosted
    version: "1.2.0"
  charcode:
    dependency: transitive
    description:
      name: charcode
      sha256: fb98c0f6d12c920a02ee2d998da788bca066ca5f148492b7085ee23372b12306
      url: "https://pub.dev"
    source: hosted
    version: "1.3.1"
  collection:
    dependency: "direct main"
    description:
      name: collection
      sha256: "6d4193120997ecfd09acf0e313f13dc122b119e5eca87ef57a7d065ec9183762"
      url: "https://pub.dev"
    source: hosted
    version: "1.15.0"
  compute:
    dependency: "direct main"
    description:
      name: compute
      sha256: b70190d59352a267a9765a77b97d0f619874c84d30c5193ae71050ee22ab2ef7
      url: "https://pub.dev"
    source: hosted
    version: "1.0.2"
  dotenv:
    dependency: "direct dev"
    description:
      name: dotenv
      sha256: dc4c91d8d5e9e361803fc81e8ea7ba0f35be483b656837ea6b9a3c41df308c68
      url: "https://pub.dev"
    source: hosted
    version: "3.0.0"
  equatable:
    dependency: transitive
    description:
      name: equatable
      sha256: c6094fd1efad3046334a9c40bee022147e55c25401ccd89b94e373e3edadd375
      url: "https://pub.dev"
    source: hosted
    version: "2.0.3"
  http:
    dependency: "direct main"
    description:
      name: http
      sha256: "2ed163531e071c2c6b7c659635112f24cb64ecbebf6af46b550d536c0b1aa112"
      url: "https://pub.dev"
    source: hosted
    version: "0.13.4"
  http_parser:
    dependency: transitive
    description:
      name: http_parser
      sha256: e362d639ba3bc07d5a71faebb98cde68c05bfbcfbbb444b60b6f60bb67719185
      url: "https://pub.dev"
    source: hosted
    version: "4.0.0"
  invertible:
    dependency: transitive
    description:
      name: invertible
      sha256: "2e88300b67085adf5e766839a49e3a8da7db85d8826a9068bba24e015b79381a"
      url: "https://pub.dev"
    source: hosted
    version: "2.0.0"
  lints:
    dependency: "direct dev"
    description:
      name: lints
      sha256: a2c3d198cb5ea2e179926622d433331d8b58374ab8f29cdda6e863bd62fd369c
      url: "https://pub.dev"
    source: hosted
    version: "1.0.1"
  meta:
    dependency: transitive
    description:
      name: meta
      sha256: "5202fdd37b4da5fd14a237ed0a01cad6c1efd4c99b5b5a0d3c9237f3728c9485"
      url: "https://pub.dev"
    source: hosted
    version: "1.7.0"
  path:
    dependency: transitive
    description:
      name: path
      sha256: "2ad4cddff7f5cc0e2d13069f2a3f7a73ca18f66abd6f5ecf215219cdb3638edb"
      url: "https://pub.dev"
    source: hosted
    version: "1.8.0"
  rxdart:
    dependency: "direct main"
    description:
      name: rxdart
      sha256: "0c7c0cedd93788d996e33041ffecda924cc54389199cde4e6a34b440f50044cb"
      url: "https://pub.dev"
    source: hosted
    version: "0.27.7"
  scidart:
    dependency: "direct main"
    description:
      name: scidart
      sha256: aa21c03ad84e71a7833b6ed0decf8aeb5c8304fe222ce2f1531c5c450cabf5cc
      url: "https://pub.dev"
    source: hosted
    version: "0.0.2-dev.6"
  source_span:
    dependency: transitive
    description:
      name: source_span
      sha256: d5f89a9e52b36240a80282b3dc0667dd36e53459717bb17b8fb102d30496606a
      url: "https://pub.dev"
    source: hosted
    version: "1.8.1"
  string_scanner:
    dependency: transitive
    description:
      name: string_scanner
      sha256: dd11571b8a03f7cadcf91ec26a77e02bfbd6bbba2a512924d3116646b4198fc4
      url: "https://pub.dev"
    source: hosted
    version: "1.1.0"
  term_glyph:
    dependency: transitive
    description:
      name: term_glyph
      sha256: a88162591b02c1f3a3db3af8ce1ea2b374bd75a7bb8d5e353bcfbdc79d719830
      url: "https://pub.dev"
    source: hosted
    version: "1.2.0"
  typed_data:
    dependency: transitive
    description:
      name: typed_data
      sha256: "53bdf7e979cfbf3e28987552fd72f637e63f3c8724c9e56d9246942dc2fa36ee"
      url: "https://pub.dev"
    source: hosted
    version: "1.3.0"
sdks:
  dart: ">=3.2.0 <4.0.0"
